dependencies:
  cherry-embedded/cherryusb:
    component_hash: 74f0654df6df5bb13e8f14efe55b55d913f1f4e7498b7ee900873ad33b71befd
    dependencies:
    - name: idf
      require: private
      version: '>=5.0'
    source:
      registry_url: https://components.espressif.com/
      type: service
    targets:
    - esp32s2
    - esp32s3
    - esp32p4
    version: 1.4.100
  idf:
    source:
      type: idf
    version: 5.2.3
direct_dependencies:
- cherry-embedded/cherryusb
manifest_hash: f2ee586d06104255d7f81660f28dd6455da5abced54d5e8d70be50113ff0a58e
target: esp32s3
version: 2.0.0
