dependencies:
  cherry-embedded/cherryusb:
    component_hash: ad802b22ac3c2c1e9c4deb2cc80378dd8b1d333db08dd2f5fbe7e6b16eae39dc
    dependencies:
    - name: idf
      require: private
      version: '>=5.0'
    source:
      registry_url: https://components.espressif.com/
      type: service
    targets:
    - esp32s2
    - esp32s3
    - esp32p4
    version: 1.5.0~1
  espressif/usb_host_cdc_acm:
    component_hash: f76e1283e7ef0e7970e8a708c4ee443ff0aa112572e25319d30b7ec555cc0aee
    dependencies:
    - name: idf
      require: private
      version: '>=4.4'
    source:
      registry_url: https://components.espressif.com/
      type: service
    version: 2.0.6
  idf:
    source:
      type: idf
    version: 5.2.3
direct_dependencies:
- cherry-embedded/cherryusb
- espressif/usb_host_cdc_acm
manifest_hash: 5bbb6ad0db86004d264fdc884fdd87571e02e3ee94fa6132e582aeb9abbc8216
target: esp32s3
version: 2.0.0
