dependencies:
  cherry-embedded/cherryusb:
    component_hash: cf4aef14802088a12e8bf4663b108767c188b7cf68ffb4bbab4a8789e6a8b405
    dependencies:
    - name: idf
      require: private
      version: '>=5.0'
    source:
      registry_url: https://components.espressif.com/
      type: service
    targets:
    - esp32s2
    - esp32s3
    - esp32p4
    version: 1.5.0~2
  espressif/usb_host_cdc_acm:
    component_hash: f76e1283e7ef0e7970e8a708c4ee443ff0aa112572e25319d30b7ec555cc0aee
    dependencies:
    - name: idf
      require: private
      version: '>=4.4'
    source:
      registry_url: https://components.espressif.com/
      type: service
    version: 2.0.6
  idf:
    source:
      type: idf
    version: 5.3.0
direct_dependencies:
- cherry-embedded/cherryusb
- espressif/usb_host_cdc_acm
manifest_hash: 703e1a29ee593595c3a1293f9d70042b6595d2ed1475c699f78ee3875987546e
target: esp32s3
version: 2.0.0
